
Microsoft Visual Studio Solution File, Format Version 12.00
# Visual Studio Version 17
VisualStudioVersion = 17.14.37614.0 d17.14
MinimumVisualStudioVersion = 10.0.40219.1
Project("{FAE04EC0-301F-11D3-BF4B-00C04F79EFBC}") = "calculator", "calculator\calculator.csproj", "{FFF413C0-165C-49E4-84F7-2A1B9AA76C13}"
EndProject
Global
	GlobalSection(SolutionConfigurationPlatforms) = preSolution
		Debug|Any CPU = Debug|Any CPU
		Release|Any CPU = Release|Any CPU
	EndGlobalSection
	GlobalSection(ProjectConfigurationPlatforms) = postSolution
		{FFF413C0-165C-49E4-84F7-2A1B9AA76C13}.Debug|Any CPU.ActiveCfg = Debug|Any CPU
		{FFF413C0-165C-49E4-84F7-2A1B9AA76C13}.Debug|Any CPU.Build.0 = Debug|Any CPU
		{FFF413C0-165C-49E4-84F7-2A1B9AA76C13}.Release|Any CPU.ActiveCfg = Release|Any CPU
		{FFF413C0-165C-49E4-84F7-2A1B9AA76C13}.Release|Any CPU.Build.0 = Release|Any CPU
	EndGlobalSection
	GlobalSection(SolutionProperties) = preSolution
		HideSolutionNode = FALSE
	EndGlobalSection
	GlobalSection(ExtensibilityGlobals) = postSolution
		SolutionGuid = {01D61554-12A4-46DA-BD75-A60EF973C5F9}
	EndGlobalSection
EndGlobal
